
Microsoft Visual Studio Solution File, Format Version 12.00
# Visual Studio Version 16
VisualStudioVersion = 16.0.31112.23
MinimumVisualStudioVersion = 10.0.40219.1
Project("{FAE04EC0-301F-11D3-BF4B-00C04F79EFBC}") = "FancyHayCalculator", "FancyHayCalculator.csproj", "{B26E025C-2289-4C33-B879-22A0B2121C69}"
EndProject
Global
	GlobalSection(SolutionConfigurationPlatforms) = preSolution
		Debug|Any CPU = Debug|Any CPU
		Release|Any CPU = Release|Any CPU
	EndGlobalSection
	GlobalSection(ProjectConfigurationPlatforms) = postSolution
		{B26E025C-2289-4C33-B879-22A0B2121C69}.Debug|Any CPU.ActiveCfg = Debug|Any CPU
		{B26E025C-2289-4C33-B879-22A0B2121C69}.Debug|Any CPU.Build.0 = Debug|Any CPU
		{B26E025C-2289-4C33-B879-22A0B2121C69}.Release|Any CPU.ActiveCfg = Release|Any CPU
		{B26E025C-2289-4C33-B879-22A0B2121C69}.Release|Any CPU.Build.0 = Release|Any CPU
	EndGlobalSection
	GlobalSection(SolutionProperties) = preSolution
		HideSolutionNode = FALSE
	EndGlobalSection
	GlobalSection(ExtensibilityGlobals) = postSolution
		SolutionGuid = {D04C47D9-11C7-4DF7-8FDA-ECB877DD476F}
	EndGlobalSection
EndGlobal
